Microsoft Visual Studio Solution File, Format Version 12.00
# Visual Studio Version 17
VisualStudioVersion = 17.5.2.0
MinimumVisualStudioVersion = 10.0.40219.1
Project("{FAE04EC0-301F-11D3-BF4B-00C04F79EFBC}") = "pr.net", "pr.net.csproj", "{E08C2C81-FC0B-0B60-A114-BD4138647360}"
EndProject
Global
	GlobalSection(SolutionConfigurationPlatforms) = preSolution
		Debug|Any CPU = Debug|Any CPU
		Release|Any CPU = Release|Any CPU
	EndGlobalSection
	GlobalSection(ProjectConfigurationPlatforms) = postSolution
		{E08C2C81-FC0B-0B60-A114-BD4138647360}.Debug|Any CPU.ActiveCfg = Debug|Any CPU
		{E08C2C81-FC0B-0B60-A114-BD4138647360}.Debug|Any CPU.Build.0 = Debug|Any CPU
		{E08C2C81-FC0B-0B60-A114-BD4138647360}.Release|Any CPU.ActiveCfg = Release|Any CPU
		{E08C2C81-FC0B-0B60-A114-BD4138647360}.Release|Any CPU.Build.0 = Release|Any CPU
	EndGlobalSection
	GlobalSection(SolutionProperties) = preSolution
		HideSolutionNode = FALSE
	EndGlobalSection
	GlobalSection(ExtensibilityGlobals) = postSolution
		SolutionGuid = {71972584-6FE5-47C5-A848-18B2636B76CA}
	EndGlobalSection
EndGlobal
